
Microsoft Visual Studio Solution File, Format Version 12.00
# Visual Studio Version 17
VisualStudioVersion = 17.5.33530.505
MinimumVisualStudioVersion = 10.0.40219.1
Project("{9A19103F-16F7-4668-BE54-9A1E7A4F7556}") = "BookSelling", "BookSelling\BookSelling.csproj", "{70ADD35C-9537-475C-96E2-D9A34B6A5F97}"
EndProject
Project("{FAE04EC0-301F-11D3-BF4B-00C04F79EFBC}") = "DAL", "DAL\DAL.csproj", "{C6E6552E-8298-4FFD-B9F7-0603D51A4794}"
EndProject
Global
	GlobalSection(SolutionConfigurationPlatforms) = preSolution
		Debug|Any CPU = Debug|Any CPU
		Release|Any CPU = Release|Any CPU
	EndGlobalSection
	GlobalSection(ProjectConfigurationPlatforms) = postSolution
		{70ADD35C-9537-475C-96E2-D9A34B6A5F97}.Debug|Any CPU.ActiveCfg = Debug|Any CPU
		{70ADD35C-9537-475C-96E2-D9A34B6A5F97}.Debug|Any CPU.Build.0 = Debug|Any CPU
		{70ADD35C-9537-475C-96E2-D9A34B6A5F97}.Release|Any CPU.ActiveCfg = Release|Any CPU
		{70ADD35C-9537-475C-96E2-D9A34B6A5F97}.Release|Any CPU.Build.0 = Release|Any CPU
		{C6E6552E-8298-4FFD-B9F7-0603D51A4794}.Debug|Any CPU.ActiveCfg = Debug|Any CPU
		{C6E6552E-8298-4FFD-B9F7-0603D51A4794}.Debug|Any CPU.Build.0 = Debug|Any CPU
		{C6E6552E-8298-4FFD-B9F7-0603D51A4794}.Release|Any CPU.ActiveCfg = Release|Any CPU
		{C6E6552E-8298-4FFD-B9F7-0603D51A4794}.Release|Any CPU.Build.0 = Release|Any CPU
	EndGlobalSection
	GlobalSection(SolutionProperties) = preSolution
		HideSolutionNode = FALSE
	EndGlobalSection
	GlobalSection(ExtensibilityGlobals) = postSolution
		SolutionGuid = {D685574D-9FCB-4CF5-AF0E-42C8BD5F7B77}
	EndGlobalSection
EndGlobal
